
Microsoft Visual Studio Solution File, Format Version 12.00
# Visual Studio Version 17
VisualStudioVersion = 17.2.32317.152
MinimumVisualStudioVersion = 10.0.40219.1
Project("{9A19103F-16F7-4668-BE54-9A1E7A4F7556}") = "Attune", "Attune.csproj", "{1F764B5F-C68E-4D5A-BED0-6D096A93BA43}"
EndProject
Project("{2150E333-8FDC-42A3-9474-1A3956D46DE8}") = "Solution Items", "Solution Items", "{FE6F87E7-C9CA-44C6-A027-4B094F058882}"
	ProjectSection(SolutionItems) = preProject
		.editorconfig = .editorconfig
	EndProjectSection
EndProject
Global
	GlobalSection(SolutionConfigurationPlatforms) = preSolution
		Debug|Any CPU = Debug|Any CPU
		Debug|x64 = Debug|x64
		Release|Any CPU = Release|Any CPU
		Release|x64 = Release|x64
	EndGlobalSection
	GlobalSection(ProjectConfigurationPlatforms) = postSolution
		{1F764B5F-C68E-4D5A-BED0-6D096A93BA43}.Debug|Any CPU.ActiveCfg = Debug|Any CPU
		{1F764B5F-C68E-4D5A-BED0-6D096A93BA43}.Debug|Any CPU.Build.0 = Debug|Any CPU
		{1F764B5F-C68E-4D5A-BED0-6D096A93BA43}.Debug|x64.ActiveCfg = Debug|Any CPU
		{1F764B5F-C68E-4D5A-BED0-6D096A93BA43}.Debug|x64.Build.0 = Debug|Any CPU
		{1F764B5F-C68E-4D5A-BED0-6D096A93BA43}.Release|Any CPU.ActiveCfg = Release|Any CPU
		{1F764B5F-C68E-4D5A-BED0-6D096A93BA43}.Release|Any CPU.Build.0 = Release|Any CPU
		{1F764B5F-C68E-4D5A-BED0-6D096A93BA43}.Release|x64.ActiveCfg = Release|Any CPU
		{1F764B5F-C68E-4D5A-BED0-6D096A93BA43}.Release|x64.Build.0 = Release|Any CPU
	EndGlobalSection
	GlobalSection(SolutionProperties) = preSolution
		HideSolutionNode = FALSE
	EndGlobalSection
	GlobalSection(ExtensibilityGlobals) = postSolution
		SolutionGuid = {335F08B8-9F2E-4CE6-8332-8CEA6D7E15F1}
	EndGlobalSection
EndGlobal
